// !$*UTF8*$!
{
	archiveVersion = 1;
	classes = {
	};
	objectVersion = 46;
	objects = {

/* Begin PBXBuildFile section */
		6D6D16C41407FCF7008851A3 /* UIKit.framework in Frameworks */ = {isa = PBXBuildFile; fileRef = 6D6D16C31407FCF7008851A3 /* UIKit.framework */; };
		6D6D16C61407FCF7008851A3 /* Foundation.framework in Frameworks */ = {isa = PBXBuildFile; fileRef = 6D6D16C51407FCF7008851A3 /* Foundation.framework */; };
		6D6D16CC1407FCF7008851A3 /* InfoPlist.strings in Resources */ = {isa = PBXBuildFile; fileRef = 6D6D16CA1407FCF7008851A3 /* InfoPlist.strings */; };
		6D6D16CE1407FCF7008851A3 /* main.m in Sources */ = {isa = PBXBuildFile; fileRef = 6D6D16CD1407FCF7008851A3 /* main.m */; };
		6D6D16D21407FCF7008851A3 /* GOAppDelegate.m in Sources */ = {isa = PBXBuildFile; fileRef = 6D6D16D11407FCF7008851A3 /* GOAppDelegate.m */; };
		6D6D16D51407FCF7008851A3 /* GOViewController.m in Sources */ = {isa = PBXBuildFile; fileRef = 6D6D16D41407FCF7008851A3 /* GOViewController.m */; };
		6D6D16D81407FCF7008851A3 /* GOViewController.xib in Resources */ = {isa = PBXBuildFile; fileRef = 6D6D16D61407FCF7008851A3 /* GOViewController.xib */; };
		6D6D16E31407FD19008851A3 /* GOCustomView.m in Sources */ = {isa = PBXBuildFile; fileRef = 6D6D16E21407FD19008851A3 /* GOCustomView.m */; };
		6D6D16E51407FD87008851A3 /* QuartzCore.framework in Frameworks */ = {isa = PBXBuildFile; fileRef = 6D6D16E41407FD87008851A3 /* QuartzCore.framework */; };
		6D6D16E71407FD8E008851A3 /* CoreGraphics.framework in Frameworks */ = {isa = PBXBuildFile; fileRef = 6D6D16E61407FD8E008851A3 /* CoreGraphics.framework */; };
/* End PBXBuildFile section */

/* Begin PBXFileReference section */
		6D6D16BF1407FCF7008851A3 /* CustomViewExample.app */ = {isa = PBXFileReference; explicitFileType = wrapper.application; includeInIndex = 0; path = CustomViewExample.app; sourceTree = BUILT_PRODUCTS_DIR; };
		6D6D16C31407FCF7008851A3 /* UIKit.framework */ = {isa = PBXFileReference; lastKnownFileType = wrapper.framework; name = UIKit.framework; path = System/Library/Frameworks/UIKit.framework; sourceTree = SDKROOT; };
		6D6D16C51407FCF7008851A3 /* Foundation.framework */ = {isa = PBXFileReference; lastKnownFileType = wrapper.framework; name = Foundation.framework; path = System/Library/Frameworks/Foundation.framework; sourceTree = SDKROOT; };
		6D6D16C91407FCF7008851A3 /* CustomViewExample-Info.plist */ = {isa = PBXFileReference; lastKnownFileType = text.plist.xml; path = "CustomViewExample-Info.plist"; sourceTree = "<group>"; };
		6D6D16CB1407FCF7008851A3 /* en */ = {isa = PBXFileReference; lastKnownFileType = text.plist.strings; name = en; path = en.lproj/InfoPlist.strings; sourceTree = "<group>"; };
		6D6D16CD1407FCF7008851A3 /* main.m */ = {isa = PBXFileReference; lastKnownFileType = sourcecode.c.objc; path = main.m; sourceTree = "<group>"; };
		6D6D16CF1407FCF7008851A3 /* CustomViewExample-Prefix.pch */ = {isa = PBXFileReference; lastKnownFileType = sourcecode.c.h; path = "CustomViewExample-Prefix.pch"; sourceTree = "<group>"; };
		6D6D16D01407FCF7008851A3 /* GOAppDelegate.h */ = {isa = PBXFileReference; lastKnownFileType = sourcecode.c.h; path = GOAppDelegate.h; sourceTree = "<group>"; };
		6D6D16D11407FCF7008851A3 /* GOAppDelegate.m */ = {isa = PBXFileReference; lastKnownFileType = sourcecode.c.objc; path = GOAppDelegate.m; sourceTree = "<group>"; };
		6D6D16D31407FCF7008851A3 /* GOViewController.h */ = {isa = PBXFileReference; lastKnownFileType = sourcecode.c.h; path = GOViewController.h; sourceTree = "<group>"; };
		6D6D16D41407FCF7008851A3 /* GOViewController.m */ = {isa = PBXFileReference; lastKnownFileType = sourcecode.c.objc; path = GOViewController.m; sourceTree = "<group>"; };
		6D6D16D71407FCF7008851A3 /* en */ = {isa = PBXFileReference; lastKnownFileType = file.xib; name = en; path = en.lproj/GOViewController.xib; sourceTree = "<group>"; };
		6D6D16E11407FD19008851A3 /* GOCustomView.h */ = {isa = PBXFileReference; fileEncoding = 4; lastKnownFileType = sourcecode.c.h; path = GOCustomView.h; sourceTree = "<group>"; };
		6D6D16E21407FD19008851A3 /* GOCustomView.m */ = {isa = PBXFileReference; fileEncoding = 4; lastKnownFileType = sourcecode.c.objc; path = GOCustomView.m; sourceTree = "<group>"; };
		6D6D16E41407FD87008851A3 /* QuartzCore.framework */ = {isa = PBXFileReference; lastKnownFileType = wrapper.framework; name = QuartzCore.framework; path = System/Library/Frameworks/QuartzCore.framework; sourceTree = SDKROOT; };
		6D6D16E61407FD8E008851A3 /* CoreGraphics.framework */ = {isa = PBXFileReference; lastKnownFileType = wrapper.framework; name = CoreGraphics.framework; path = System/Library/Frameworks/CoreGraphics.framework; sourceTree = SDKROOT; };
/* End PBXFileReference section */

/* Begin PBXFrameworksBuildPhase section */
		6D6D16BC1407FCF7008851A3 /* Frameworks */ = {
			isa = PBXFrameworksBuildPhase;
			buildActionMask = 2147483647;
			files = (
				6D6D16E71407FD8E008851A3 /* CoreGraphics.framework in Frameworks */,
				6D6D16E51407FD87008851A3 /* QuartzCore.framework in Frameworks */,
				6D6D16C41407FCF7008851A3 /* UIKit.framework in Frameworks */,
				6D6D16C61407FCF7008851A3 /* Foundation.framework in Frameworks */,
			);
			runOnlyForDeploymentPostprocessing = 0;
		};
/* End PBXFrameworksBuildPhase section */

/* Begin PBXGroup section */
		6D6D16B41407FCF7008851A3 = {
			isa = PBXGroup;
			children = (
				6D6D16C71407FCF7008851A3 /* CustomViewExample */,
				6D6D16C21407FCF7008851A3 /* Frameworks */,
				6D6D16C01407FCF7008851A3 /* Products */,
			);
			sourceTree = "<group>";
		};
		6D6D16C01407FCF7008851A3 /* Products */ = {
			isa = PBXGroup;
			children = (
				6D6D16BF1407FCF7008851A3 /* CustomViewExample.app */,
			);
			name = Products;
			sourceTree = "<group>";
		};
		6D6D16C21407FCF7008851A3 /* Frameworks */ = {
			isa = PBXGroup;
			children = (
				6D6D16E61407FD8E008851A3 /* CoreGraphics.framework */,
				6D6D16E41407FD87008851A3 /* QuartzCore.framework */,
				6D6D16C31407FCF7008851A3 /* UIKit.framework */,
				6D6D16C51407FCF7008851A3 /* Foundation.framework */,
			);
			name = Frameworks;
			sourceTree = "<group>";
		};
		6D6D16C71407FCF7008851A3 /* CustomViewExample */ = {
			isa = PBXGroup;
			children = (
				6D6D16D01407FCF7008851A3 /* GOAppDelegate.h */,
				6D6D16D11407FCF7008851A3 /* GOAppDelegate.m */,
				6D6D16D31407FCF7008851A3 /* GOViewController.h */,
				6D6D16D41407FCF7008851A3 /* GOViewController.m */,
				6D6D16D61407FCF7008851A3 /* GOViewController.xib */,
				6D6D16C81407FCF7008851A3 /* Supporting Files */,
				6D6D16E11407FD19008851A3 /* GOCustomView.h */,
				6D6D16E21407FD19008851A3 /* GOCustomView.m */,
			);
			path = CustomViewExample;
			sourceTree = "<group>";
		};
		6D6D16C81407FCF7008851A3 /* Supporting Files */ = {
			isa = PBXGroup;
			children = (
				6D6D16C91407FCF7008851A3 /* CustomViewExample-Info.plist */,
				6D6D16CA1407FCF7008851A3 /* InfoPlist.strings */,
				6D6D16CD1407FCF7008851A3 /* main.m */,
				6D6D16CF1407FCF7008851A3 /* CustomViewExample-Prefix.pch */,
			);
			name = "Supporting Files";
			sourceTree = "<group>";
		};
/* End PBXGroup section */

/* Begin PBXNativeTarget section */
		6D6D16BE1407FCF7008851A3 /* CustomViewExample */ = {
			isa = PBXNativeTarget;
			buildConfigurationList = 6D6D16DB1407FCF7008851A3 /* Build configuration list for PBXNativeTarget "CustomViewExample" */;
			buildPhases = (
				6D6D16BB1407FCF7008851A3 /* Sources */,
				6D6D16BC1407FCF7008851A3 /* Frameworks */,
				6D6D16BD1407FCF7008851A3 /* Resources */,
			);
			buildRules = (
			);
			dependencies = (
			);
			name = CustomViewExample;
			productName = CustomViewExample;
			productReference = 6D6D16BF1407FCF7008851A3 /* CustomViewExample.app */;
			productType = "com.apple.product-type.application";
		};
/* End PBXNativeTarget section */

/* Begin PBXProject section */
		6D6D16B61407FCF7008851A3 /* Project object */ = {
			isa = PBXProject;
			attributes = {
				LastUpgradeCheck = 0420;
			};
			buildConfigurationList = 6D6D16B91407FCF7008851A3 /* Build configuration list for PBXProject "CustomViewExample" */;
			compatibilityVersion = "Xcode 3.2";
			developmentRegion = English;
			hasScannedForEncodings = 0;
			knownRegions = (
				en,
			);
			mainGroup = 6D6D16B41407FCF7008851A3;
			productRefGroup = 6D6D16C01407FCF7008851A3 /* Products */;
			projectDirPath = "";
			projectRoot = "";
			targets = (
				6D6D16BE1407FCF7008851A3 /* CustomViewExample */,
			);
		};
/* End PBXProject section */

/* Begin PBXResourcesBuildPhase section */
		6D6D16BD1407FCF7008851A3 /* Resources */ = {
			isa = PBXResourcesBuildPhase;
			buildActionMask = 2147483647;
			files = (
				6D6D16CC1407FCF7008851A3 /* InfoPlist.strings in Resources */,
				6D6D16D81407FCF7008851A3 /* GOViewController.xib in Resources */,
			);
			runOnlyForDeploymentPostprocessing = 0;
		};
/* End PBXResourcesBuildPhase section */

/* Begin PBXSourcesBuildPhase section */
		6D6D16BB1407FCF7008851A3 /* Sources */ = {
			isa = PBXSourcesBuildPhase;
			buildActionMask = 2147483647;
			files = (
				6D6D16CE1407FCF7008851A3 /* main.m in Sources */,
				6D6D16D21407FCF7008851A3 /* GOAppDelegate.m in Sources */,
				6D6D16D51407FCF7008851A3 /* GOViewController.m in Sources */,
				6D6D16E31407FD19008851A3 /* GOCustomView.m in Sources */,
			);
			runOnlyForDeploymentPostprocessing = 0;
		};
/* End PBXSourcesBuildPhase section */

/* Begin PBXVariantGroup section */
		6D6D16CA1407FCF7008851A3 /* InfoPlist.strings */ = {
			isa = PBXVariantGroup;
			children = (
				6D6D16CB1407FCF7008851A3 /* en */,
			);
			name = InfoPlist.strings;
			sourceTree = "<group>";
		};
		6D6D16D61407FCF7008851A3 /* GOViewController.xib */ = {
			isa = PBXVariantGroup;
			children = (
				6D6D16D71407FCF7008851A3 /* en */,
			);
			name = GOViewController.xib;
			sourceTree = "<group>";
		};
/* End PBXVariantGroup section */

/* Begin XCBuildConfiguration section */
		6D6D16D91407FCF7008851A3 /* Debug */ = {
			isa = XCBuildConfiguration;
			buildSettings = {
				ALWAYS_SEARCH_USER_PATHS = NO;
				ARCHS = "$(ARCHS_STANDARD_32_BIT)";
				"CODE_SIGN_IDENTITY[sdk=iphoneos*]" = "iPhone Developer";
				COPY_PHASE_STRIP = NO;
				GCC_C_LANGUAGE_STANDARD = gnu99;
				GCC_DYNAMIC_NO_PIC = NO;
				GCC_OPTIMIZATION_LEVEL = 0;
				GCC_PREPROCESSOR_DEFINITIONS = (
					"DEBUG=1",
					"$(inherited)",
				);
				GCC_SYMBOLS_PRIVATE_EXTERN = NO;
				GCC_VERSION = com.apple.compilers.llvm.clang.1_0;
				GCC_WARN_ABOUT_MISSING_PROTOTYPES = YES;
				GCC_WARN_ABOUT_RETURN_TYPE = YES;
				GCC_WARN_UNUSED_VARIABLE = YES;
				IPHONEOS_DEPLOYMENT_TARGET = 5.0;
				SDKROOT = iphoneos;
			};
			name = Debug;
		};
		6D6D16DA1407FCF7008851A3 /* Release */ = {
			isa = XCBuildConfiguration;
			buildSettings = {
				ALWAYS_SEARCH_USER_PATHS = NO;
				ARCHS = "$(ARCHS_STANDARD_32_BIT)";
				"CODE_SIGN_IDENTITY[sdk=iphoneos*]" = "iPhone Developer";
				COPY_PHASE_STRIP = YES;
				GCC_C_LANGUAGE_STANDARD = gnu99;
				GCC_VERSION = com.apple.compilers.llvm.clang.1_0;
				GCC_WARN_ABOUT_MISSING_PROTOTYPES = YES;
				GCC_WARN_ABOUT_RETURN_TYPE = YES;
				GCC_WARN_UNUSED_VARIABLE = YES;
				IPHONEOS_DEPLOYMENT_TARGET = 5.0;
				OTHER_CFLAGS = "-DNS_BLOCK_ASSERTIONS=1";
				SDKROOT = iphoneos;
				VALIDATE_PRODUCT = YES;
			};
			name = Release;
		};
		6D6D16DC1407FCF7008851A3 /* Debug */ = {
			isa = XCBuildConfiguration;
			buildSettings = {
				GCC_PRECOMPILE_PREFIX_HEADER = YES;
				GCC_PREFIX_HEADER = "CustomViewExample/CustomViewExample-Prefix.pch";
				INFOPLIST_FILE = "CustomViewExample/CustomViewExample-Info.plist";
				IPHONEOS_DEPLOYMENT_TARGET = 4.0;
				PRODUCT_NAME = "$(TARGET_NAME)";
				WRAPPER_EXTENSION = app;
			};
			name = Debug;
		};
		6D6D16DD1407FCF7008851A3 /* Release */ = {
			isa = XCBuildConfiguration;
			buildSettings = {
				GCC_PRECOMPILE_PREFIX_HEADER = YES;
				GCC_PREFIX_HEADER = "CustomViewExample/CustomViewExample-Prefix.pch";
				INFOPLIST_FILE = "CustomViewExample/CustomViewExample-Info.plist";
				IPHONEOS_DEPLOYMENT_TARGET = 4.0;
				PRODUCT_NAME = "$(TARGET_NAME)";
				WRAPPER_EXTENSION = app;
			};
			name = Release;
		};
/* End XCBuildConfiguration section */

/* Begin XCConfigurationList section */
		6D6D16B91407FCF7008851A3 /* Build configuration list for PBXProject "CustomViewExample" */ = {
			isa = XCConfigurationList;
			buildConfigurations = (
				6D6D16D91407FCF7008851A3 /* Debug */,
				6D6D16DA1407FCF7008851A3 /* Release */,
			);
			defaultConfigurationIsVisible = 0;
			defaultConfigurationName = Release;
		};
		6D6D16DB1407FCF7008851A3 /* Build configuration list for PBXNativeTarget "CustomViewExample" */ = {
			isa = XCConfigurationList;
			buildConfigurations = (
				6D6D16DC1407FCF7008851A3 /* Debug */,
				6D6D16DD1407FCF7008851A3 /* Release */,
			);
			defaultConfigurationIsVisible = 0;
		};
/* End XCConfigurationList section */
	};
	rootObject = 6D6D16B61407FCF7008851A3 /* Project object */;
}
